
Microsoft Visual Studio Solution File, Format Version 12.00
# Visual Studio 15
Project("{FAE04EC0-301F-11D3-BF4B-00C04F79EFBC}") = "Assembly-CSharp", "Assembly-CSharp.csproj", "{A6F448F2-A7F6-EAF9-4D61-E0062D26DA96}"
EndProject
Project("{FAE04EC0-301F-11D3-BF4B-00C04F79EFBC}") = "Assembly-CSharp-Editor", "Assembly-CSharp-Editor.csproj", "{8CF76087-7717-8E52-9283-84203A64CC46}"
EndProject
Global
	GlobalSection(SolutionConfigurationPlatforms) = preSolution
		Debug|Any CPU = Debug|Any CPU
		Release|Any CPU = Release|Any CPU
	EndGlobalSection
	GlobalSection(ProjectConfigurationPlatforms) = postSolution
		{A6F448F2-A7F6-EAF9-4D61-E0062D26DA96}.Debug|Any CPU.ActiveCfg = Debug|Any CPU
		{A6F448F2-A7F6-EAF9-4D61-E0062D26DA96}.Debug|Any CPU.Build.0 = Debug|Any CPU
		{A6F448F2-A7F6-EAF9-4D61-E0062D26DA96}.Release|Any CPU.ActiveCfg = Release|Any CPU
		{A6F448F2-A7F6-EAF9-4D61-E0062D26DA96}.Release|Any CPU.Build.0 = Release|Any CPU
		{8CF76087-7717-8E52-9283-84203A64CC46}.Debug|Any CPU.ActiveCfg = Debug|Any CPU
		{8CF76087-7717-8E52-9283-84203A64CC46}.Debug|Any CPU.Build.0 = Debug|Any CPU
		{8CF76087-7717-8E52-9283-84203A64CC46}.Release|Any CPU.ActiveCfg = Release|Any CPU
		{8CF76087-7717-8E52-9283-84203A64CC46}.Release|Any CPU.Build.0 = Release|Any CPU
	EndGlobalSection
	GlobalSection(SolutionProperties) = preSolution
		HideSolutionNode = FALSE
	EndGlobalSection
EndGlobal
